
Microsoft Visual Studio Solution File, Format Version 12.00
# Visual Studio 15
VisualStudioVersion = 15.0.27130.2003
MinimumVisualStudioVersion = 10.0.40219.1
Project("{FAE04EC0-301F-11D3-BF4B-00C04F79EFBC}") = "LibModuleSaw", "LibModuleSaw\LibModuleSaw.csproj", "{C9BAF8E3-7ABC-4B92-A8FC-A55A325BE057}"
EndProject
Project("{FAE04EC0-301F-11D3-BF4B-00C04F79EFBC}") = "WasmSaw", "WasmSaw\WasmSaw.csproj", "{CE2FD82A-42F2-4539-AB40-9B7A1ADD9ED2}"
EndProject
Global
	GlobalSection(SolutionConfigurationPlatforms) = preSolution
		Debug|Any CPU = Debug|Any CPU
		Release|Any CPU = Release|Any CPU
	EndGlobalSection
	GlobalSection(ProjectConfigurationPlatforms) = postSolution
		{C9BAF8E3-7ABC-4B92-A8FC-A55A325BE057}.Debug|Any CPU.ActiveCfg = Debug|Any CPU
		{C9BAF8E3-7ABC-4B92-A8FC-A55A325BE057}.Debug|Any CPU.Build.0 = Debug|Any CPU
		{C9BAF8E3-7ABC-4B92-A8FC-A55A325BE057}.Release|Any CPU.ActiveCfg = Release|Any CPU
		{C9BAF8E3-7ABC-4B92-A8FC-A55A325BE057}.Release|Any CPU.Build.0 = Release|Any CPU
		{CE2FD82A-42F2-4539-AB40-9B7A1ADD9ED2}.Debug|Any CPU.ActiveCfg = Debug|Any CPU
		{CE2FD82A-42F2-4539-AB40-9B7A1ADD9ED2}.Debug|Any CPU.Build.0 = Debug|Any CPU
		{CE2FD82A-42F2-4539-AB40-9B7A1ADD9ED2}.Release|Any CPU.ActiveCfg = Release|Any CPU
		{CE2FD82A-42F2-4539-AB40-9B7A1ADD9ED2}.Release|Any CPU.Build.0 = Release|Any CPU
	EndGlobalSection
	GlobalSection(SolutionProperties) = preSolution
		HideSolutionNode = FALSE
	EndGlobalSection
	GlobalSection(ExtensibilityGlobals) = postSolution
		SolutionGuid = {46FC344F-3337-48D0-83A7-3C34EA741501}
	EndGlobalSection
EndGlobal
